
Microsoft Visual Studio Solution File, Format Version 12.00
# Visual Studio Version 17
VisualStudioVersion = 17.8.34408.163
MinimumVisualStudioVersion = 10.0.40219.1
Project("{FAE04EC0-301F-11D3-BF4B-00C04F79EFBC}") = "2-14Mission08", "2-14Mission08\2-14Mission08.csproj", "{10ED112A-403E-4C35-AA6B-8390A98E3BEF}"
EndProject
Global
	GlobalSection(SolutionConfigurationPlatforms) = preSolution
		Debug|Any CPU = Debug|Any CPU
		Release|Any CPU = Release|Any CPU
	EndGlobalSection
	GlobalSection(ProjectConfigurationPlatforms) = postSolution
		{10ED112A-403E-4C35-AA6B-8390A98E3BEF}.Debug|Any CPU.ActiveCfg = Debug|Any CPU
		{10ED112A-403E-4C35-AA6B-8390A98E3BEF}.Debug|Any CPU.Build.0 = Debug|Any CPU
		{10ED112A-403E-4C35-AA6B-8390A98E3BEF}.Release|Any CPU.ActiveCfg = Release|Any CPU
		{10ED112A-403E-4C35-AA6B-8390A98E3BEF}.Release|Any CPU.Build.0 = Release|Any CPU
	EndGlobalSection
	GlobalSection(SolutionProperties) = preSolution
		HideSolutionNode = FALSE
	EndGlobalSection
	GlobalSection(ExtensibilityGlobals) = postSolution
		SolutionGuid = {864C3C52-9EBE-4BEE-B792-26CAE6A8BBF2}
	EndGlobalSection
EndGlobal
